
Microsoft Visual Studio Solution File, Format Version 12.00
# Visual Studio Version 16
VisualStudioVersion = 16.0.30907.101
MinimumVisualStudioVersion = 10.0.40219.1
Project("{FAE04EC0-301F-11D3-BF4B-00C04F79EFBC}") = "programacion_1_parcial_1", "programacion_1_parcial_1.csproj", "{F3B99021-E29F-4959-9890-3054835D4557}"
EndProject
Global
	GlobalSection(SolutionConfigurationPlatforms) = preSolution
		Debug|Any CPU = Debug|Any CPU
		Release|Any CPU = Release|Any CPU
	EndGlobalSection
	GlobalSection(ProjectConfigurationPlatforms) = postSolution
		{F3B99021-E29F-4959-9890-3054835D4557}.Debug|Any CPU.ActiveCfg = Debug|Any CPU
		{F3B99021-E29F-4959-9890-3054835D4557}.Debug|Any CPU.Build.0 = Debug|Any CPU
		{F3B99021-E29F-4959-9890-3054835D4557}.Release|Any CPU.ActiveCfg = Release|Any CPU
		{F3B99021-E29F-4959-9890-3054835D4557}.Release|Any CPU.Build.0 = Release|Any CPU
	EndGlobalSection
	GlobalSection(SolutionProperties) = preSolution
		HideSolutionNode = FALSE
	EndGlobalSection
	GlobalSection(ExtensibilityGlobals) = postSolution
		SolutionGuid = {415E7F62-6946-4FFD-B292-63DF22518FFA}
	EndGlobalSection
EndGlobal
